
Microsoft Visual Studio Solution File, Format Version 12.00
# Visual Studio Version 17
VisualStudioVersion = 17.13.35913.81 d17.13
MinimumVisualStudioVersion = 10.0.40219.1
Project("{FAE04EC0-301F-11D3-BF4B-00C04F79EFBC}") = "C-_Labs", "C-_Labs.csproj", "{F7DB7123-2D00-4E95-B600-4F494F07055E}"
EndProject
Global
	GlobalSection(SolutionConfigurationPlatforms) = preSolution
		Debug|Any CPU = Debug|Any CPU
		Release|Any CPU = Release|Any CPU
	EndGlobalSection
	GlobalSection(ProjectConfigurationPlatforms) = postSolution
		{F7DB7123-2D00-4E95-B600-4F494F07055E}.Debug|Any CPU.ActiveCfg = Debug|Any CPU
		{F7DB7123-2D00-4E95-B600-4F494F07055E}.Debug|Any CPU.Build.0 = Debug|Any CPU
		{F7DB7123-2D00-4E95-B600-4F494F07055E}.Release|Any CPU.ActiveCfg = Release|Any CPU
		{F7DB7123-2D00-4E95-B600-4F494F07055E}.Release|Any CPU.Build.0 = Release|Any CPU
	EndGlobalSection
	GlobalSection(SolutionProperties) = preSolution
		HideSolutionNode = FALSE
	EndGlobalSection
	GlobalSection(ExtensibilityGlobals) = postSolution
		SolutionGuid = {E1BA671F-7762-4397-8C37-B35232655C26}
	EndGlobalSection
EndGlobal
